{
  "name": "@dev.mohe/isomorphic-webcrypto",
  "version": "1.0.0",
  "lockfileVersion": 2,
  "requires": true,
  "packages": {
    "": {
      "name": "@dev.mohe/isomorphic-webcrypto",
      "version": "1.0.0",
      "license": "Unlicense",
      "engines": {
        "node": ">=15.0.0"
      }
    }
  }
}
